{
  "nodes": {
    "home-manager": {
      "inputs": {
        "nixpkgs": "nixpkgs"
      },
      "locked": {
        "lastModified": 1608330177,
        "narHash": "sha256-RSwiQLwKLeiBLvdZbXxZjQDk7YAbd476mnwoITeijPI=",
        "owner": "rycee",
        "repo": "home-manager",
        "rev": "1a7f190cb9b4176ceb5bab43a6803c3fb015671a",
        "type": "github"
      },
      "original": {
        "owner": "rycee",
        "repo": "home-manager",
        "type": "github"
      }
    },
    "nixpkgs": {
      "locked": {
        "lastModified": 1608363953,
        "narHash": "sha256-/gAJNaV0a9Yqx8i2CXkkw3H7LhL5Tw3aUao51S9AVKc=",
        "owner": "NixOS",
        "repo": "nixpkgs",
        "rev": "453c116254abe3d7b6b9938ff8092447333db1aa",
        "type": "github"
      },
      "original": {
        "id": "nixpkgs",
        "type": "indirect"
      }
    },
    "nixpkgs_2": {
      "locked": {
        "lastModified": 1607522989,
        "narHash": "sha256-o/jWhOSAlaK7y2M57OIriRt6whuVVocS/T0mG7fd1TI=",
        "owner": "NixOS",
        "repo": "nixpkgs",
        "rev": "e9158eca70ae59e73fae23be5d13d3fa0cfc78b4",
        "type": "github"
      },
      "original": {
        "owner": "NixOS",
        "ref": "nixos-unstable",
        "repo": "nixpkgs",
        "type": "github"
      }
    },
    "root": {
      "inputs": {
        "home-manager": "home-manager",
        "nixpkgs": "nixpkgs_2"
      }
    }
  },
  "root": "root",
  "version": 7
}
