{
  "nodes": {
    "flake-compat": {
      "flake": false,
      "locked": {
        "lastModified": 1606424373,
        "narHash": "sha256-oq8d4//CJOrVj+EcOaSXvMebvuTkmBJuT5tzlfewUnQ=",
        "owner": "edolstra",
        "repo": "flake-compat",
        "rev": "99f1c2157fba4bfe6211a321fd0ee43199025dbf",
        "type": "github"
      },
      "original": {
        "owner": "edolstra",
        "repo": "flake-compat",
        "type": "github"
      }
    },
    "home-manager": {
      "inputs": {
        "nixpkgs": "nixpkgs"
      },
      "locked": {
        "lastModified": 1620337456,
        "narHash": "sha256-w4Z6NYNYI3v++Pmqs4j1pPGdWJEyjGQat5rYxkhncMI=",
        "owner": "rycee",
        "repo": "home-manager",
        "rev": "86944b0fb15f89bc1173efabbce556260a410154",
        "type": "github"
      },
      "original": {
        "owner": "rycee",
        "repo": "home-manager",
        "type": "github"
      }
    },
    "nixops-plugged": {
      "inputs": {
        "flake-compat": "flake-compat",
        "nixpkgs": "nixpkgs_2",
        "poetry2nix": "poetry2nix",
        "utils": "utils"
      },
      "locked": {
        "lastModified": 1613349113,
        "narHash": "sha256-9qwkYjd2xrV02/eCfCb6Mtr9U0unEZjjB0VRfnE3XD4=",
        "owner": "lukebfox",
        "repo": "nixops-plugged",
        "rev": "0f1cb9a0230c8aaeffcffe0f8241d660d48a9c0b",
        "type": "github"
      },
      "original": {
        "owner": "lukebfox",
        "repo": "nixops-plugged",
        "type": "github"
      }
    },
    "nixpkgs": {
      "locked": {
        "lastModified": 1617899217,
        "narHash": "sha256-gd5JHH7IkeoIQ/oiGZSqDpGdGt7DMRJTQ8JiD8+hdOQ=",
        "path": "/nix/store/mmws9c6185xn3wvlzxa4a4h68x9q26yw-source",
        "rev": "9e377a6ce42dccd9b624ae4ce8f978dc892ba0e2",
        "type": "path"
      },
      "original": {
        "id": "nixpkgs",
        "type": "indirect"
      }
    },
    "nixpkgs_2": {
      "locked": {
        "lastModified": 1606984864,
        "narHash": "sha256-yTz6tNbjOz7ezTw/r+M9CgYlfXczEtPlLnwkk2D0CUg=",
        "owner": "NixOS",
        "repo": "nixpkgs",
        "rev": "296793637b22bdb4d23b479879eba0a71c132a66",
        "type": "github"
      },
      "original": {
        "owner": "NixOS",
        "ref": "nixos-unstable",
        "repo": "nixpkgs",
        "type": "github"
      }
    },
    "nixpkgs_3": {
      "locked": {
        "lastModified": 1620340338,
        "narHash": "sha256-Op/4K0+Z9Sp5jtFH0s/zMM4H7VFZxrekcAmjQ6JpQ4w=",
        "owner": "NixOS",
        "repo": "nixpkgs",
        "rev": "63586475587d7e0e078291ad4b49b6f6a6885100",
        "type": "github"
      },
      "original": {
        "owner": "NixOS",
        "ref": "nixos-unstable",
        "repo": "nixpkgs",
        "type": "github"
      }
    },
    "poetry2nix": {
      "locked": {
        "lastModified": 1606762446,
        "narHash": "sha256-pdfw99HUkCxeZnCRCag7edNcH99gB5igRqc6YBAknqw=",
        "owner": "nix-community",
        "repo": "poetry2nix",
        "rev": "fd0e5772e6e48727904913db8f6df0511086f8ac",
        "type": "github"
      },
      "original": {
        "owner": "nix-community",
        "repo": "poetry2nix",
        "type": "github"
      }
    },
    "root": {
      "inputs": {
        "home-manager": "home-manager",
        "nixops-plugged": "nixops-plugged",
        "nixpkgs": "nixpkgs_3",
        "utils": "utils_2"
      }
    },
    "utils": {
      "locked": {
        "lastModified": 1601282935,
        "narHash": "sha256-WQAFV6sGGQxrRs3a+/Yj9xUYvhTpukQJIcMbIi7LCJ4=",
        "owner": "numtide",
        "repo": "flake-utils",
        "rev": "588973065fce51f4763287f0fda87a174d78bf48",
        "type": "github"
      },
      "original": {
        "owner": "numtide",
        "repo": "flake-utils",
        "type": "github"
      }
    },
    "utils_2": {
      "locked": {
        "lastModified": 1619345332,
        "narHash": "sha256-qHnQkEp1uklKTpx3MvKtY6xzgcqXDsz5nLilbbuL+3A=",
        "owner": "numtide",
        "repo": "flake-utils",
        "rev": "2ebf2558e5bf978c7fb8ea927dfaed8fefab2e28",
        "type": "github"
      },
      "original": {
        "owner": "numtide",
        "repo": "flake-utils",
        "type": "github"
      }
    }
  },
  "root": "root",
  "version": 7
}
